PODS:
  - Capacitor (7.4.2):
    - CapacitorCordova
  - CapacitorCordova (7.4.2)
  - CapacitorPreferences (7.0.2):
    - Capacitor

DEPENDENCIES:
  - "Capacitor (from `../../node_modules/@capacitor/ios`)"
  - "CapacitorCordova (from `../../node_modules/@capacitor/ios`)"
  - "CapacitorPreferences (from `../../node_modules/@capacitor/preferences`)"

EXTERNAL SOURCES:
  Capacitor:
    :path: "../../node_modules/@capacitor/ios"
  CapacitorCordova:
    :path: "../../node_modules/@capacitor/ios"
  CapacitorPreferences:
    :path: "../../node_modules/@capacitor/preferences"

SPEC CHECKSUMS:
  Capacitor: 9d9e481b79ffaeacaf7a85d6a11adec32bd33b59
  CapacitorCordova: 5e58d04631bc5094894ac106e2bf1da18a9e6151
  CapacitorPreferences: 65107ed7437d96ee72583df5763985e3c0ff2bc2

PODFILE CHECKSUM: bc4412675d30bc194ab5961211929e1e7de79579

COCOAPODS: 1.16.2
